{
  "name": "crossword-generator",
  "version": "1.0.0",
  "lockfileVersion": 2,
  "requires": true,
  "packages": {
    "": {
      "name": "crossword-generator",
      "version": "1.0.0",
      "hasInstallScript": true,
      "license": "ISC",
      "dependencies": {
        "math-random-seed": "^2.0.0",
        "rfdc": "^1.3.0"
      }
    },
    "node_modules/math-random-seed": {
      "version": "2.0.0",
      "resolved": "https://registry.npmjs.org/math-random-seed/-/math-random-seed-2.0.0.tgz",
      "integrity": "sha512-QJ7/oqB5MExXjyJCUC8tQGIHo9GL2vB9YY3i16qZCige9SQBJrQTtF/eBG8rFZU/xQxLKIbzeYeOuRYuzFrncg==",
      "dependencies": {
        "random-bytes-seed": "^1.0.3"
      }
    },
    "node_modules/random-bytes-seed": {
      "version": "1.0.3",
      "resolved": "https://registry.npmjs.org/random-bytes-seed/-/random-bytes-seed-1.0.3.tgz",
      "integrity": "sha512-O+eniMt8Sj2iAn2q1x5VEirS/XvbtwYcXNDbOAcRtGN+OhC48cmzS5ksf9qEHRVKC1I8A4qzjucNVElddofB0A=="
    },
    "node_modules/rfdc": {
      "version": "1.3.0",
      "resolved": "https://registry.npmjs.org/rfdc/-/rfdc-1.3.0.tgz",
      "integrity": "sha512-V2hovdzFbOi77/WajaSMXk2OLm+xNIeQdMMuB7icj7bk6zi2F8GGAxigcnDFpJHbNyNcgyJDiP+8nOrY5cZGrA=="
    }
  },
  "dependencies": {
    "math-random-seed": {
      "version": "2.0.0",
      "resolved": "https://registry.npmjs.org/math-random-seed/-/math-random-seed-2.0.0.tgz",
      "integrity": "sha512-QJ7/oqB5MExXjyJCUC8tQGIHo9GL2vB9YY3i16qZCige9SQBJrQTtF/eBG8rFZU/xQxLKIbzeYeOuRYuzFrncg==",
      "requires": {
        "random-bytes-seed": "^1.0.3"
      }
    },
    "random-bytes-seed": {
      "version": "1.0.3",
      "resolved": "https://registry.npmjs.org/random-bytes-seed/-/random-bytes-seed-1.0.3.tgz",
      "integrity": "sha512-O+eniMt8Sj2iAn2q1x5VEirS/XvbtwYcXNDbOAcRtGN+OhC48cmzS5ksf9qEHRVKC1I8A4qzjucNVElddofB0A=="
    },
    "rfdc": {
      "version": "1.3.0",
      "resolved": "https://registry.npmjs.org/rfdc/-/rfdc-1.3.0.tgz",
      "integrity": "sha512-V2hovdzFbOi77/WajaSMXk2OLm+xNIeQdMMuB7icj7bk6zi2F8GGAxigcnDFpJHbNyNcgyJDiP+8nOrY5cZGrA=="
    }
  }
}
